
Microsoft Visual Studio Solution File, Format Version 12.00
# Visual Studio Version 16
VisualStudioVersion = 16.0.29613.14
MinimumVisualStudioVersion = 10.0.40219.1
Project("{FAE04EC0-301F-11D3-BF4B-00C04F79EFBC}") = "RoastSharp", "RoastSharp\RoastSharp.csproj", "{D71BFEC5-0D8B-4117-A55A-FBA8455326BF}"
EndProject
Global
	GlobalSection(SolutionConfigurationPlatforms) = preSolution
		Debug|Any CPU = Debug|Any CPU
		Release|Any CPU = Release|Any CPU
	EndGlobalSection
	GlobalSection(ProjectConfigurationPlatforms) = postSolution
		{D71BFEC5-0D8B-4117-A55A-FBA8455326BF}.Debug|Any CPU.ActiveCfg = Debug|Any CPU
		{D71BFEC5-0D8B-4117-A55A-FBA8455326BF}.Debug|Any CPU.Build.0 = Debug|Any CPU
		{D71BFEC5-0D8B-4117-A55A-FBA8455326BF}.Release|Any CPU.ActiveCfg = Release|Any CPU
		{D71BFEC5-0D8B-4117-A55A-FBA8455326BF}.Release|Any CPU.Build.0 = Release|Any CPU
	EndGlobalSection
	GlobalSection(SolutionProperties) = preSolution
		HideSolutionNode = FALSE
	EndGlobalSection
	GlobalSection(ExtensibilityGlobals) = postSolution
		SolutionGuid = {E5B1C02A-B4B0-4B73-BFE4-181B31FF3082}
	EndGlobalSection
EndGlobal
